
Microsoft Visual Studio Solution File, Format Version 12.00
# Visual Studio 15
VisualStudioVersion = 15.0.27130.2010
MinimumVisualStudioVersion = 10.0.40219.1
Project("{FAE04EC0-301F-11D3-BF4B-00C04F79EFBC}") = "SCMSClient", "SCMSClient\SCMSClient.csproj", "{75164A8D-E1BE-45CA-81F6-D57041CBD3C2}"
EndProject
Project("{FAE04EC0-301F-11D3-BF4B-00C04F79EFBC}") = "TestLab", "TestLab\TestLab.csproj", "{270F547D-416D-4BB7-8EB9-09E24A5EE687}"
EndProject
Project("{FAE04EC0-301F-11D3-BF4B-00C04F79EFBC}") = "SCMSClientTests", "SCMSClientTests\SCMSClientTests.csproj", "{829846F9-3000-41C5-A27C-81BC6B52EE04}"
EndProject
Project("{54435603-DBB4-11D2-8724-00A0C9A8B90C}") = "SCMSClientSetup", "SCMSClientSetup\SCMSClientSetup.vdproj", "{3FE24004-8FCC-4231-8738-7335026290DE}"
EndProject
Global
	GlobalSection(SolutionConfigurationPlatforms) = preSolution
		Debug|Any CPU = Debug|Any CPU
		Release|Any CPU = Release|Any CPU
	EndGlobalSection
	GlobalSection(ProjectConfigurationPlatforms) = postSolution
		{75164A8D-E1BE-45CA-81F6-D57041CBD3C2}.Debug|Any CPU.ActiveCfg = Debug|Any CPU
		{75164A8D-E1BE-45CA-81F6-D57041CBD3C2}.Debug|Any CPU.Build.0 = Debug|Any CPU
		{75164A8D-E1BE-45CA-81F6-D57041CBD3C2}.Release|Any CPU.ActiveCfg = Release|Any CPU
		{75164A8D-E1BE-45CA-81F6-D57041CBD3C2}.Release|Any CPU.Build.0 = Release|Any CPU
		{270F547D-416D-4BB7-8EB9-09E24A5EE687}.Debug|Any CPU.ActiveCfg = Debug|Any CPU
		{270F547D-416D-4BB7-8EB9-09E24A5EE687}.Debug|Any CPU.Build.0 = Debug|Any CPU
		{270F547D-416D-4BB7-8EB9-09E24A5EE687}.Release|Any CPU.ActiveCfg = Release|Any CPU
		{270F547D-416D-4BB7-8EB9-09E24A5EE687}.Release|Any CPU.Build.0 = Release|Any CPU
		{829846F9-3000-41C5-A27C-81BC6B52EE04}.Debug|Any CPU.ActiveCfg = Debug|Any CPU
		{829846F9-3000-41C5-A27C-81BC6B52EE04}.Debug|Any CPU.Build.0 = Debug|Any CPU
		{829846F9-3000-41C5-A27C-81BC6B52EE04}.Release|Any CPU.ActiveCfg = Release|Any CPU
		{829846F9-3000-41C5-A27C-81BC6B52EE04}.Release|Any CPU.Build.0 = Release|Any CPU
		{3FE24004-8FCC-4231-8738-7335026290DE}.Debug|Any CPU.ActiveCfg = Debug
		{3FE24004-8FCC-4231-8738-7335026290DE}.Release|Any CPU.ActiveCfg = Release
	EndGlobalSection
	GlobalSection(SolutionProperties) = preSolution
		HideSolutionNode = FALSE
	EndGlobalSection
	GlobalSection(ExtensibilityGlobals) = postSolution
		SolutionGuid = {AEB09DDB-AF3A-4ABB-A72D-4D25F996FA65}
	EndGlobalSection
EndGlobal
